// !$*UTF8*$!
{
	archiveVersion = 1;
	classes = {
	};
	objectVersion = 77;
	objects = {

/* Begin PBXContainerItemProxy section */
		40AF15EB2F8A840D0070BB51 /* PBXContainerItemProxy */ = {
			isa = PBXContainerItemProxy;
			containerPortal = 40AF15D12F8A840B0070BB51 /* Project object */;
			proxyType = 1;
			remoteGlobalIDString = 40AF15D82F8A840B0070BB51;
			remoteInfo = moneyfull_ios;
		};
		40AF15F52F8A840D0070BB51 /* PBXContainerItemProxy */ = {
			isa = PBXContainerItemProxy;
			containerPortal = 40AF15D12F8A840B0070BB51 /* Project object */;
			proxyType = 1;
			remoteGlobalIDString = 40AF15D82F8A840B0070BB51;
			remoteInfo = moneyfull_ios;
		};
/* End PBXContainerItemProxy section */

/* Begin PBXFileReference section */
		40AF15D92F8A840B0070BB51 /* moneyfull_ios.app */ = {isa = PBXFileReference; explicitFileType = wrapper.application; includeInIndex = 0; path = moneyfull_ios.app; sourceTree = BUILT_PRODUCTS_DIR; };
		40AF15EA2F8A840D0070BB51 /* moneyfull_iosTests.xctest */ = {isa = PBXFileReference; explicitFileType = wrapper.cfbundle; includeInIndex = 0; path = moneyfull_iosTests.xctest; sourceTree = BUILT_PRODUCTS_DIR; };
		40AF15F42F8A840D0070BB51 /* moneyfull_iosUITests.xctest */ = {isa = PBXFileReference; explicitFileType = wrapper.cfbundle; includeInIndex = 0; path = moneyfull_iosUITests.xctest; sourceTree = BUILT_PRODUCTS_DIR; };
/* End PBXFileReference section */

/* Begin PBXFileSystemSynchronizedBuildFileExceptionSet section */
		40A1902E2FAD835A00CC285E /* Exceptions for "moneyfull_ios" folder in "moneyfull_ios" target */ = {
			isa = PBXFileSystemSynchronizedBuildFileExceptionSet;
			membershipExceptions = (
				"moneyfull-ios-Info.plist",
			);
			target = 40AF15D82F8A840B0070BB51 /* moneyfull_ios */;
		};
/* End PBXFileSystemSynchronizedBuildFileExceptionSet section */

/* Begin PBXFileSystemSynchronizedRootGroup section */
		40AF15DB2F8A840B0070BB51 /* moneyfull_ios */ = {
			isa = PBXFileSystemSynchronizedRootGroup;
			exceptions = (
				40A1902E2FAD835A00CC285E /* Exceptions for "moneyfull_ios" folder in "moneyfull_ios" target */,
			);
			path = moneyfull_ios;
			sourceTree = "<group>";
		};
		40AF15ED2F8A840D0070BB51 /* moneyfull_iosTests */ = {
			isa = PBXFileSystemSynchronizedRootGroup;
			path = moneyfull_iosTests;
			sourceTree = "<group>";
		};
		40AF15F72F8A840D0070BB51 /* moneyfull_iosUITests */ = {
			isa = PBXFileSystemSynchronizedRootGroup;
			path = moneyfull_iosUITests;
			sourceTree = "<group>";
		};
/* End PBXFileSystemSynchronizedRootGroup section */

/* Begin PBXFrameworksBuildPhase section */
		40AF15D62F8A840B0070BB51 /* Frameworks */ = {
			isa = PBXFrameworksBuildPhase;
			buildActionMask = 2147483647;
			files = (
			);
			runOnlyForDeploymentPostprocessing = 0;
		};
		40AF15E72F8A840D0070BB51 /* Frameworks */ = {
			isa = PBXFrameworksBuildPhase;
			buildActionMask = 2147483647;
			files = (
			);
			runOnlyForDeploymentPostprocessing = 0;
		};
		40AF15F12F8A840D0070BB51 /* Frameworks */ = {
			isa = PBXFrameworksBuildPhase;
			buildActionMask = 2147483647;
			files = (
			);
			runOnlyForDeploymentPostprocessing = 0;
		};
/* End PBXFrameworksBuildPhase section */

/* Begin PBXGroup section */
		40AF15D02F8A840B0070BB51 = {
			isa = PBXGroup;
			children = (
				40AF15DB2F8A840B0070BB51 /* moneyfull_ios */,
				40AF15ED2F8A840D0070BB51 /* moneyfull_iosTests */,
				40AF15F72F8A840D0070BB51 /* moneyfull_iosUITests */,
				40AF15DA2F8A840B0070BB51 /* Products */,
			);
			sourceTree = "<group>";
		};
		40AF15DA2F8A840B0070BB51 /* Products */ = {
			isa = PBXGroup;
			children = (
				40AF15D92F8A840B0070BB51 /* moneyfull_ios.app */,
				40AF15EA2F8A840D0070BB51 /* moneyfull_iosTests.xctest */,
				40AF15F42F8A840D0070BB51 /* moneyfull_iosUITests.xctest */,
			);
			name = Products;
			sourceTree = "<group>";
		};
/* End PBXGroup section */

/* Begin PBXNativeTarget section */
		40AF15D82F8A840B0070BB51 /* moneyfull_ios */ = {
			isa = PBXNativeTarget;
			buildConfigurationList = 40AF15FE2F8A840D0070BB51 /* Build configuration list for PBXNativeTarget "moneyfull_ios" */;
			buildPhases = (
				40AF15D52F8A840B0070BB51 /* Sources */,
				40AF15D62F8A840B0070BB51 /* Frameworks */,
				40AF15D72F8A840B0070BB51 /* Resources */,
			);
			buildRules = (
			);
			dependencies = (
			);
			fileSystemSynchronizedGroups = (
				40AF15DB2F8A840B0070BB51 /* moneyfull_ios */,
			);
			name = moneyfull_ios;
			packageProductDependencies = (
			);
			productName = moneyfull_ios;
			productReference = 40AF15D92F8A840B0070BB51 /* moneyfull_ios.app */;
			productType = "com.apple.product-type.application";
		};
		40AF15E92F8A840D0070BB51 /* moneyfull_iosTests */ = {
			isa = PBXNativeTarget;
			buildConfigurationList = 40AF16012F8A840D0070BB51 /* Build configuration list for PBXNativeTarget "moneyfull_iosTests" */;
			buildPhases = (
				40AF15E62F8A840D0070BB51 /* Sources */,
				40AF15E72F8A840D0070BB51 /* Frameworks */,
				40AF15E82F8A840D0070BB51 /* Resources */,
			);
			buildRules = (
			);
			dependencies = (
				40AF15EC2F8A840D0070BB51 /* PBXTargetDependency */,
			);
			fileSystemSynchronizedGroups = (
				40AF15ED2F8A840D0070BB51 /* moneyfull_iosTests */,
			);
			name = moneyfull_iosTests;
			packageProductDependencies = (
			);
			productName = moneyfull_iosTests;
			productReference = 40AF15EA2F8A840D0070BB51 /* moneyfull_iosTests.xctest */;
			productType = "com.apple.product-type.bundle.unit-test";
		};
		40AF15F32F8A840D0070BB51 /* moneyfull_iosUITests */ = {
			isa = PBXNativeTarget;
			buildConfigurationList = 40AF16042F8A840D0070BB51 /* Build configuration list for PBXNativeTarget "moneyfull_iosUITests" */;
			buildPhases = (
				40AF15F02F8A840D0070BB51 /* Sources */,
				40AF15F12F8A840D0070BB51 /* Frameworks */,
				40AF15F22F8A840D0070BB51 /* Resources */,
			);
			buildRules = (
			);
			dependencies = (
				40AF15F62F8A840D0070BB51 /* PBXTargetDependency */,
			);
			fileSystemSynchronizedGroups = (
				40AF15F72F8A840D0070BB51 /* moneyfull_iosUITests */,
			);
			name = moneyfull_iosUITests;
			packageProductDependencies = (
			);
			productName = moneyfull_iosUITests;
			productReference = 40AF15F42F8A840D0070BB51 /* moneyfull_iosUITests.xctest */;
			productType = "com.apple.product-type.bundle.ui-testing";
		};
/* End PBXNativeTarget section */

/* Begin PBXProject section */
		40AF15D12F8A840B0070BB51 /* Project object */ = {
			isa = PBXProject;
			attributes = {
				BuildIndependentTargetsInParallel = 1;
				LastSwiftUpdateCheck = 1620;
				LastUpgradeCheck = 2640;
				TargetAttributes = {
					40AF15D82F8A840B0070BB51 = {
						CreatedOnToolsVersion = 16.2;
					};
					40AF15E92F8A840D0070BB51 = {
						CreatedOnToolsVersion = 16.2;
						TestTargetID = 40AF15D82F8A840B0070BB51;
					};
					40AF15F32F8A840D0070BB51 = {
						CreatedOnToolsVersion = 16.2;
						TestTargetID = 40AF15D82F8A840B0070BB51;
					};
				};
			};
			buildConfigurationList = 40AF15D42F8A840B0070BB51 /* Build configuration list for PBXProject "moneyfull_ios" */;
			developmentRegion = en;
			hasScannedForEncodings = 0;
			knownRegions = (
				en,
				Base,
			);
			mainGroup = 40AF15D02F8A840B0070BB51;
			minimizedProjectReferenceProxies = 1;
			preferredProjectObjectVersion = 77;
			productRefGroup = 40AF15DA2F8A840B0070BB51 /* Products */;
			projectDirPath = "";
			projectRoot = "";
			targets = (
				40AF15D82F8A840B0070BB51 /* moneyfull_ios */,
				40AF15E92F8A840D0070BB51 /* moneyfull_iosTests */,
				40AF15F32F8A840D0070BB51 /* moneyfull_iosUITests */,
			);
		};
/* End PBXProject section */

/* Begin PBXResourcesBuildPhase section */
		40AF15D72F8A840B0070BB51 /* Resources */ = {
			isa = PBXResourcesBuildPhase;
			buildActionMask = 2147483647;
			files = (
			);
			runOnlyForDeploymentPostprocessing = 0;
		};
		40AF15E82F8A840D0070BB51 /* Resources */ = {
			isa = PBXResourcesBuildPhase;
			buildActionMask = 2147483647;
			files = (
			);
			runOnlyForDeploymentPostprocessing = 0;
		};
		40AF15F22F8A840D0070BB51 /* Resources */ = {
			isa = PBXResourcesBuildPhase;
			buildActionMask = 2147483647;
			files = (
			);
			runOnlyForDeploymentPostprocessing = 0;
		};
/* End PBXResourcesBuildPhase section */

/* Begin PBXSourcesBuildPhase section */
		40AF15D52F8A840B0070BB51 /* Sources */ = {
			isa = PBXSourcesBuildPhase;
			buildActionMask = 2147483647;
			files = (
			);
			runOnlyForDeploymentPostprocessing = 0;
		};
		40AF15E62F8A840D0070BB51 /* Sources */ = {
			isa = PBXSourcesBuildPhase;
			buildActionMask = 2147483647;
			files = (
			);
			runOnlyForDeploymentPostprocessing = 0;
		};
		40AF15F02F8A840D0070BB51 /* Sources */ = {
			isa = PBXSourcesBuildPhase;
			buildActionMask = 2147483647;
			files = (
			);
			runOnlyForDeploymentPostprocessing = 0;
		};
/* End PBXSourcesBuildPhase section */

/* Begin PBXTargetDependency section */
		40AF15EC2F8A840D0070BB51 /* PBXTargetDependency */ = {
			isa = PBXTargetDependency;
			target = 40AF15D82F8A840B0070BB51 /* moneyfull_ios */;
			targetProxy = 40AF15EB2F8A840D0070BB51 /* PBXContainerItemProxy */;
		};
		40AF15F62F8A840D0070BB51 /* PBXTargetDependency */ = {
			isa = PBXTargetDependency;
			target = 40AF15D82F8A840B0070BB51 /* moneyfull_ios */;
			targetProxy = 40AF15F52F8A840D0070BB51 /* PBXContainerItemProxy */;
		};
/* End PBXTargetDependency section */

/* Begin XCBuildConfiguration section */
		40AF15FC2F8A840D0070BB51 /* Debug */ = {
			isa = XCBuildConfiguration;
			buildSettings = {
				ALWAYS_SEARCH_USER_PATHS = NO;
				ASSETCATALOG_COMPILER_GENERATE_SWIFT_ASSET_SYMBOL_EXTENSIONS = YES;
				CLANG_ANALYZER_NONNULL = YES;
				CLANG_ANALYZER_NUMBER_OBJECT_CONVERSION = YES_AGGRESSIVE;
				CLANG_CXX_LANGUAGE_STANDARD = "gnu++20";
				CLANG_ENABLE_MODULES = YES;
				CLANG_ENABLE_OBJC_ARC = YES;
				CLANG_ENABLE_OBJC_WEAK = YES;
				CLANG_WARN_BLOCK_CAPTURE_AUTORELEASING = YES;
				CLANG_WARN_BOOL_CONVERSION = YES;
				CLANG_WARN_COMMA = YES;
				CLANG_WARN_CONSTANT_CONVERSION = YES;
				CLANG_WARN_DEPRECATED_OBJC_IMPLEMENTATIONS = YES;
				CLANG_WARN_DIRECT_OBJC_ISA_USAGE = YES_ERROR;
				CLANG_WARN_DOCUMENTATION_COMMENTS = YES;
				CLANG_WARN_EMPTY_BODY = YES;
				CLANG_WARN_ENUM_CONVERSION = YES;
				CLANG_WARN_INFINITE_RECURSION = YES;
				CLANG_WARN_INT_CONVERSION = YES;
				CLANG_WARN_NON_LITERAL_NULL_CONVERSION = YES;
				CLANG_WARN_OBJC_IMPLICIT_RETAIN_SELF = YES;
				CLANG_WARN_OBJC_LITERAL_CONVERSION = YES;
				CLANG_WARN_OBJC_ROOT_CLASS = YES_ERROR;
				CLANG_WARN_QUOTED_INCLUDE_IN_FRAMEWORK_HEADER = YES;
				CLANG_WARN_RANGE_LOOP_ANALYSIS = YES;
				CLANG_WARN_STRICT_PROTOTYPES = YES;
				CLANG_WARN_SUSPICIOUS_MOVE = YES;
				CLANG_WARN_UNGUARDED_AVAILABILITY = YES_AGGRESSIVE;
				CLANG_WARN_UNREACHABLE_CODE = YES;
				CLANG_WARN__DUPLICATE_METHOD_MATCH = YES;
				COPY_PHASE_STRIP = NO;
				DEAD_CODE_STRIPPING = YES;
				DEBUG_INFORMATION_FORMAT = dwarf;
				DEVELOPMENT_TEAM = 2YDM3D8P4J;
				ENABLE_STRICT_OBJC_MSGSEND = YES;
				ENABLE_TESTABILITY = YES;
				ENABLE_USER_SCRIPT_SANDBOXING = YES;
				GCC_C_LANGUAGE_STANDARD = gnu17;
				GCC_DYNAMIC_NO_PIC = NO;
				GCC_NO_COMMON_BLOCKS = YES;
				GCC_OPTIMIZATION_LEVEL = 0;
				GCC_PREPROCESSOR_DEFINITIONS = (
					"DEBUG=1",
					"$(inherited)",
				);
				GCC_WARN_64_TO_32_BIT_CONVERSION = YES;
				GCC_WARN_ABOUT_RETURN_TYPE = YES_ERROR;
				GCC_WARN_UNDECLARED_SELECTOR = YES;
				GCC_WARN_UNINITIALIZED_AUTOS = YES_AGGRESSIVE;
				GCC_WARN_UNUSED_FUNCTION = YES;
				GCC_WARN_UNUSED_VARIABLE = YES;
				LOCALIZATION_PREFERS_STRING_CATALOGS = YES;
				MTL_ENABLE_DEBUG_INFO = INCLUDE_SOURCE;
				MTL_FAST_MATH = YES;
				ONLY_ACTIVE_ARCH = YES;
				STRING_CATALOG_GENERATE_SYMBOLS = YES;
				SWIFT_ACTIVE_COMPILATION_CONDITIONS = "DEBUG $(inherited)";
				SWIFT_OPTIMIZATION_LEVEL = "-Onone";
			};
			name = Debug;
		};
		40AF15FD2F8A840D0070BB51 /* Release */ = {
			isa = XCBuildConfiguration;
			buildSettings = {
				ALWAYS_SEARCH_USER_PATHS = NO;
				ASSETCATALOG_COMPILER_GENERATE_SWIFT_ASSET_SYMBOL_EXTENSIONS = YES;
				CLANG_ANALYZER_NONNULL = YES;
				CLANG_ANALYZER_NUMBER_OBJECT_CONVERSION = YES_AGGRESSIVE;
				CLANG_CXX_LANGUAGE_STANDARD = "gnu++20";
				CLANG_ENABLE_MODULES = YES;
				CLANG_ENABLE_OBJC_ARC = YES;
				CLANG_ENABLE_OBJC_WEAK = YES;
				CLANG_WARN_BLOCK_CAPTURE_AUTORELEASING = YES;
				CLANG_WARN_BOOL_CONVERSION = YES;
				CLANG_WARN_COMMA = YES;
				CLANG_WARN_CONSTANT_CONVERSION = YES;
				CLANG_WARN_DEPRECATED_OBJC_IMPLEMENTATIONS = YES;
				CLANG_WARN_DIRECT_OBJC_ISA_USAGE = YES_ERROR;
				CLANG_WARN_DOCUMENTATION_COMMENTS = YES;
				CLANG_WARN_EMPTY_BODY = YES;
				CLANG_WARN_ENUM_CONVERSION = YES;
				CLANG_WARN_INFINITE_RECURSION = YES;
				CLANG_WARN_INT_CONVERSION = YES;
				CLANG_WARN_NON_LITERAL_NULL_CONVERSION = YES;
				CLANG_WARN_OBJC_IMPLICIT_RETAIN_SELF = YES;
				CLANG_WARN_OBJC_LITERAL_CONVERSION = YES;
				CLANG_WARN_OBJC_ROOT_CLASS = YES_ERROR;
				CLANG_WARN_QUOTED_INCLUDE_IN_FRAMEWORK_HEADER = YES;
				CLANG_WARN_RANGE_LOOP_ANALYSIS = YES;
				CLANG_WARN_STRICT_PROTOTYPES = YES;
				CLANG_WARN_SUSPICIOUS_MOVE = YES;
				CLANG_WARN_UNGUARDED_AVAILABILITY = YES_AGGRESSIVE;
				CLANG_WARN_UNREACHABLE_CODE = YES;
				CLANG_WARN__DUPLICATE_METHOD_MATCH = YES;
				COPY_PHASE_STRIP = NO;
				DEAD_CODE_STRIPPING = YES;
				DEBUG_INFORMATION_FORMAT = "dwarf-with-dsym";
				DEVELOPMENT_TEAM = 2YDM3D8P4J;
				ENABLE_NS_ASSERTIONS = NO;
				ENABLE_STRICT_OBJC_MSGSEND = YES;
				ENABLE_USER_SCRIPT_SANDBOXING = YES;
				GCC_C_LANGUAGE_STANDARD = gnu17;
				GCC_NO_COMMON_BLOCKS = YES;
				GCC_WARN_64_TO_32_BIT_CONVERSION = YES;
				GCC_WARN_ABOUT_RETURN_TYPE = YES_ERROR;
				GCC_WARN_UNDECLARED_SELECTOR = YES;
				GCC_WARN_UNINITIALIZED_AUTOS = YES_AGGRESSIVE;
				GCC_WARN_UNUSED_FUNCTION = YES;
				GCC_WARN_UNUSED_VARIABLE = YES;
				LOCALIZATION_PREFERS_STRING_CATALOGS = YES;
				MTL_ENABLE_DEBUG_INFO = NO;
				MTL_FAST_MATH = YES;
				STRING_CATALOG_GENERATE_SYMBOLS = YES;
				SWIFT_COMPILATION_MODE = wholemodule;
			};
			name = Release;
		};
		40AF15FF2F8A840D0070BB51 /* Debug */ = {
			isa = XCBuildConfiguration;
			buildSettings = {
				ASSETCATALOG_COMPILER_APPICON_NAME = AppIcon;
				ASSETCATALOG_COMPILER_GLOBAL_ACCENT_COLOR_NAME = AccentColor;
				CODE_SIGN_ENTITLEMENTS = moneyfull_ios/moneyfull_ios.entitlements;
				CODE_SIGN_STYLE = Automatic;
				CURRENT_PROJECT_VERSION = 2;
				DEAD_CODE_STRIPPING = YES;
				DEVELOPMENT_ASSET_PATHS = "\"moneyfull_ios/Preview Content\"";
				ENABLE_HARDENED_RUNTIME = YES;
				ENABLE_PREVIEWS = YES;
				GENERATE_INFOPLIST_FILE = YES;
				INFOPLIST_FILE = "moneyfull-ios-Info.plist";
				INFOPLIST_KEY_CFBundleDisplayName = "钱小满";
				INFOPLIST_KEY_NSMicrophoneUsageDescription = "钱小满需要使用麦克风进行语音记账，长按底部AI按钮开始录音";
				INFOPLIST_KEY_NSSpeechRecognitionUsageDescription = "钱小满需要使用语音识别功能，将您的语音转换为文字进行智能记账";
				"INFOPLIST_KEY_UIApplicationSceneManifest_Generation[sdk=iphoneos*]" = YES;
				"INFOPLIST_KEY_UIApplicationSceneManifest_Generation[sdk=iphonesimulator*]" = YES;
				"INFOPLIST_KEY_UIApplicationSupportsIndirectInputEvents[sdk=iphoneos*]" = YES;
				"INFOPLIST_KEY_UIApplicationSupportsIndirectInputEvents[sdk=iphonesimulator*]" = YES;
				"INFOPLIST_KEY_UILaunchScreen_Generation[sdk=iphoneos*]" = YES;
				"INFOPLIST_KEY_UILaunchScreen_Generation[sdk=iphonesimulator*]" = YES;
				"INFOPLIST_KEY_UIStatusBarStyle[sdk=iphoneos*]" = UIStatusBarStyleDefault;
				"INFOPLIST_KEY_UIStatusBarStyle[sdk=iphonesimulator*]" = UIStatusBarStyleDefault;
				INFOPLIST_KEY_UISupportedInterfaceOrientations_iPad = "UIInterfaceOrientationPortrait UIInterfaceOrientationPortraitUpsideDown UIInterfaceOrientationLandscapeLeft UIInterfaceOrientationLandscapeRight";
				INFOPLIST_KEY_UISupportedInterfaceOrientations_iPhone = "UIInterfaceOrientationPortrait UIInterfaceOrientationLandscapeLeft UIInterfaceOrientationLandscapeRight";
				IPHONEOS_DEPLOYMENT_TARGET = 17.6;
				LD_RUNPATH_SEARCH_PATHS = "@executable_path/Frameworks";
				"LD_RUNPATH_SEARCH_PATHS[sdk=macosx*]" = "@executable_path/../Frameworks";
				MACOSX_DEPLOYMENT_TARGET = 14.6;
				MARKETING_VERSION = 1.2.0;
				PRODUCT_BUNDLE_IDENTIFIER = "com.cs.moneyfull-ios";
				PRODUCT_NAME = "$(TARGET_NAME)";
				SDKROOT = auto;
				SUPPORTED_PLATFORMS = "iphoneos iphonesimulator macosx xros xrsimulator";
				SWIFT_EMIT_LOC_STRINGS = YES;
				SWIFT_VERSION = 5.0;
				TARGETED_DEVICE_FAMILY = "1,2,7";
				XROS_DEPLOYMENT_TARGET = 2.2;
			};
			name = Debug;
		};
		40AF16002F8A840D0070BB51 /* Release */ = {
			isa = XCBuildConfiguration;
			buildSettings = {
				ASSETCATALOG_COMPILER_APPICON_NAME = AppIcon;
				ASSETCATALOG_COMPILER_GLOBAL_ACCENT_COLOR_NAME = AccentColor;
				CODE_SIGN_ENTITLEMENTS = moneyfull_ios/moneyfull_ios.entitlements;
				CODE_SIGN_STYLE = Automatic;
				CURRENT_PROJECT_VERSION = 2;
				DEAD_CODE_STRIPPING = YES;
				DEVELOPMENT_ASSET_PATHS = "\"moneyfull_ios/Preview Content\"";
				ENABLE_HARDENED_RUNTIME = YES;
				ENABLE_PREVIEWS = YES;
				GENERATE_INFOPLIST_FILE = YES;
				INFOPLIST_FILE = "moneyfull-ios-Info.plist";
				INFOPLIST_KEY_CFBundleDisplayName = "钱小满";
				INFOPLIST_KEY_NSMicrophoneUsageDescription = "钱小满需要使用麦克风进行语音记账，长按底部AI按钮开始录音";
				INFOPLIST_KEY_NSSpeechRecognitionUsageDescription = "钱小满需要使用语音识别功能，将您的语音转换为文字进行智能记账";
				"INFOPLIST_KEY_UIApplicationSceneManifest_Generation[sdk=iphoneos*]" = YES;
				"INFOPLIST_KEY_UIApplicationSceneManifest_Generation[sdk=iphonesimulator*]" = YES;
				"INFOPLIST_KEY_UIApplicationSupportsIndirectInputEvents[sdk=iphoneos*]" = YES;
				"INFOPLIST_KEY_UIApplicationSupportsIndirectInputEvents[sdk=iphonesimulator*]" = YES;
				"INFOPLIST_KEY_UILaunchScreen_Generation[sdk=iphoneos*]" = YES;
				"INFOPLIST_KEY_UILaunchScreen_Generation[sdk=iphonesimulator*]" = YES;
				"INFOPLIST_KEY_UIStatusBarStyle[sdk=iphoneos*]" = UIStatusBarStyleDefault;
				"INFOPLIST_KEY_UIStatusBarStyle[sdk=iphonesimulator*]" = UIStatusBarStyleDefault;
				INFOPLIST_KEY_UISupportedInterfaceOrientations_iPad = "UIInterfaceOrientationPortrait UIInterfaceOrientationPortraitUpsideDown UIInterfaceOrientationLandscapeLeft UIInterfaceOrientationLandscapeRight";
				INFOPLIST_KEY_UISupportedInterfaceOrientations_iPhone = "UIInterfaceOrientationPortrait UIInterfaceOrientationLandscapeLeft UIInterfaceOrientationLandscapeRight";
				IPHONEOS_DEPLOYMENT_TARGET = 17.6;
				LD_RUNPATH_SEARCH_PATHS = "@executable_path/Frameworks";
				"LD_RUNPATH_SEARCH_PATHS[sdk=macosx*]" = "@executable_path/../Frameworks";
				MACOSX_DEPLOYMENT_TARGET = 14.6;
				MARKETING_VERSION = 1.2.0;
				PRODUCT_BUNDLE_IDENTIFIER = "com.cs.moneyfull-ios";
				PRODUCT_NAME = "$(TARGET_NAME)";
				SDKROOT = auto;
				SUPPORTED_PLATFORMS = "iphoneos iphonesimulator macosx xros xrsimulator";
				SWIFT_EMIT_LOC_STRINGS = YES;
				SWIFT_VERSION = 5.0;
				TARGETED_DEVICE_FAMILY = "1,2,7";
				XROS_DEPLOYMENT_TARGET = 2.2;
			};
			name = Release;
		};
		40AF16022F8A840D0070BB51 /* Debug */ = {
			isa = XCBuildConfiguration;
			buildSettings = {
				BUNDLE_LOADER = "$(TEST_HOST)";
				CODE_SIGN_STYLE = Automatic;
				CURRENT_PROJECT_VERSION = 1;
				DEAD_CODE_STRIPPING = YES;
				GENERATE_INFOPLIST_FILE = YES;
				IPHONEOS_DEPLOYMENT_TARGET = 18.2;
				MACOSX_DEPLOYMENT_TARGET = 14.6;
				MARKETING_VERSION = 1.0;
				PRODUCT_BUNDLE_IDENTIFIER = "com.cs.moneyfull-iosTests";
				PRODUCT_NAME = "$(TARGET_NAME)";
				SDKROOT = auto;
				SUPPORTED_PLATFORMS = "iphoneos iphonesimulator macosx xros xrsimulator";
				SWIFT_EMIT_LOC_STRINGS = NO;
				SWIFT_VERSION = 5.0;
				TARGETED_DEVICE_FAMILY = "1,2,7";
				TEST_HOST = "$(BUILT_PRODUCTS_DIR)/moneyfull_ios.app/$(BUNDLE_EXECUTABLE_FOLDER_PATH)/moneyfull_ios";
				XROS_DEPLOYMENT_TARGET = 2.2;
			};
			name = Debug;
		};
		40AF16032F8A840D0070BB51 /* Release */ = {
			isa = XCBuildConfiguration;
			buildSettings = {
				BUNDLE_LOADER = "$(TEST_HOST)";
				CODE_SIGN_STYLE = Automatic;
				CURRENT_PROJECT_VERSION = 1;
				DEAD_CODE_STRIPPING = YES;
				GENERATE_INFOPLIST_FILE = YES;
				IPHONEOS_DEPLOYMENT_TARGET = 18.2;
				MACOSX_DEPLOYMENT_TARGET = 14.6;
				MARKETING_VERSION = 1.0;
				PRODUCT_BUNDLE_IDENTIFIER = "com.cs.moneyfull-iosTests";
				PRODUCT_NAME = "$(TARGET_NAME)";
				SDKROOT = auto;
				SUPPORTED_PLATFORMS = "iphoneos iphonesimulator macosx xros xrsimulator";
				SWIFT_EMIT_LOC_STRINGS = NO;
				SWIFT_VERSION = 5.0;
				TARGETED_DEVICE_FAMILY = "1,2,7";
				TEST_HOST = "$(BUILT_PRODUCTS_DIR)/moneyfull_ios.app/$(BUNDLE_EXECUTABLE_FOLDER_PATH)/moneyfull_ios";
				XROS_DEPLOYMENT_TARGET = 2.2;
			};
			name = Release;
		};
		40AF16052F8A840D0070BB51 /* Debug */ = {
			isa = XCBuildConfiguration;
			buildSettings = {
				CODE_SIGN_STYLE = Automatic;
				CURRENT_PROJECT_VERSION = 1;
				DEAD_CODE_STRIPPING = YES;
				GENERATE_INFOPLIST_FILE = YES;
				IPHONEOS_DEPLOYMENT_TARGET = 18.2;
				MACOSX_DEPLOYMENT_TARGET = 14.6;
				MARKETING_VERSION = 1.0;
				PRODUCT_BUNDLE_IDENTIFIER = "com.cs.moneyfull-iosUITests";
				PRODUCT_NAME = "$(TARGET_NAME)";
				SDKROOT = auto;
				SUPPORTED_PLATFORMS = "iphoneos iphonesimulator macosx xros xrsimulator";
				SWIFT_EMIT_LOC_STRINGS = NO;
				SWIFT_VERSION = 5.0;
				TARGETED_DEVICE_FAMILY = "1,2,7";
				TEST_TARGET_NAME = moneyfull_ios;
				XROS_DEPLOYMENT_TARGET = 2.2;
			};
			name = Debug;
		};
		40AF16062F8A840D0070BB51 /* Release */ = {
			isa = XCBuildConfiguration;
			buildSettings = {
				CODE_SIGN_STYLE = Automatic;
				CURRENT_PROJECT_VERSION = 1;
				DEAD_CODE_STRIPPING = YES;
				GENERATE_INFOPLIST_FILE = YES;
				IPHONEOS_DEPLOYMENT_TARGET = 18.2;
				MACOSX_DEPLOYMENT_TARGET = 14.6;
				MARKETING_VERSION = 1.0;
				PRODUCT_BUNDLE_IDENTIFIER = "com.cs.moneyfull-iosUITests";
				PRODUCT_NAME = "$(TARGET_NAME)";
				SDKROOT = auto;
				SUPPORTED_PLATFORMS = "iphoneos iphonesimulator macosx xros xrsimulator";
				SWIFT_EMIT_LOC_STRINGS = NO;
				SWIFT_VERSION = 5.0;
				TARGETED_DEVICE_FAMILY = "1,2,7";
				TEST_TARGET_NAME = moneyfull_ios;
				XROS_DEPLOYMENT_TARGET = 2.2;
			};
			name = Release;
		};
/* End XCBuildConfiguration section */

/* Begin XCConfigurationList section */
		40AF15D42F8A840B0070BB51 /* Build configuration list for PBXProject "moneyfull_ios" */ = {
			isa = XCConfigurationList;
			buildConfigurations = (
				40AF15FC2F8A840D0070BB51 /* Debug */,
				40AF15FD2F8A840D0070BB51 /* Release */,
			);
			defaultConfigurationIsVisible = 0;
			defaultConfigurationName = Release;
		};
		40AF15FE2F8A840D0070BB51 /* Build configuration list for PBXNativeTarget "moneyfull_ios" */ = {
			isa = XCConfigurationList;
			buildConfigurations = (
				40AF15FF2F8A840D0070BB51 /* Debug */,
				40AF16002F8A840D0070BB51 /* Release */,
			);
			defaultConfigurationIsVisible = 0;
			defaultConfigurationName = Release;
		};
		40AF16012F8A840D0070BB51 /* Build configuration list for PBXNativeTarget "moneyfull_iosTests" */ = {
			isa = XCConfigurationList;
			buildConfigurations = (
				40AF16022F8A840D0070BB51 /* Debug */,
				40AF16032F8A840D0070BB51 /* Release */,
			);
			defaultConfigurationIsVisible = 0;
			defaultConfigurationName = Release;
		};
		40AF16042F8A840D0070BB51 /* Build configuration list for PBXNativeTarget "moneyfull_iosUITests" */ = {
			isa = XCConfigurationList;
			buildConfigurations = (
				40AF16052F8A840D0070BB51 /* Debug */,
				40AF16062F8A840D0070BB51 /* Release */,
			);
			defaultConfigurationIsVisible = 0;
			defaultConfigurationName = Release;
		};
/* End XCConfigurationList section */
	};
	rootObject = 40AF15D12F8A840B0070BB51 /* Project object */;
}
